
Microsoft Visual Studio Solution File, Format Version 12.00
# Visual Studio Version 16
VisualStudioVersion = 16.0.29509.3
MinimumVisualStudioVersion = 10.0.40219.1
Project("{FAE04EC0-301F-11D3-BF4B-00C04F79EFBC}") = "Industry", "Industry\Industry.csproj", "{0C027194-E9E8-4571-94E4-6DC7CDF64912}"
EndProject
Global
	GlobalSection(SolutionConfigurationPlatforms) = preSolution
		Debug|Any CPU = Debug|Any CPU
		Release|Any CPU = Release|Any CPU
	EndGlobalSection
	GlobalSection(ProjectConfigurationPlatforms) = postSolution
		{0C027194-E9E8-4571-94E4-6DC7CDF64912}.Debug|Any CPU.ActiveCfg = Debug|Any CPU
		{0C027194-E9E8-4571-94E4-6DC7CDF64912}.Debug|Any CPU.Build.0 = Debug|Any CPU
		{0C027194-E9E8-4571-94E4-6DC7CDF64912}.Release|Any CPU.ActiveCfg = Release|Any CPU
		{0C027194-E9E8-4571-94E4-6DC7CDF64912}.Release|Any CPU.Build.0 = Release|Any CPU
	EndGlobalSection
	GlobalSection(SolutionProperties) = preSolution
		HideSolutionNode = FALSE
	EndGlobalSection
	GlobalSection(ExtensibilityGlobals) = postSolution
		SolutionGuid = {CF878FA7-CEA1-40EE-9007-53587E2E5D35}
	EndGlobalSection
EndGlobal
